
Microsoft Visual Studio Solution File, Format Version 12.00
# Visual Studio Version 17
VisualStudioVersion = 17.8.34408.163
MinimumVisualStudioVersion = 10.0.40219.1
Project("{FAE04EC0-301F-11D3-BF4B-00C04F79EFBC}") = "krestiki", "krestiki\krestiki.csproj", "{658A2348-0E8C-4149-B924-A0EF7AF5BB0B}"
EndProject
Global
	GlobalSection(SolutionConfigurationPlatforms) = preSolution
		Debug|Any CPU = Debug|Any CPU
		Release|Any CPU = Release|Any CPU
	EndGlobalSection
	GlobalSection(ProjectConfigurationPlatforms) = postSolution
		{658A2348-0E8C-4149-B924-A0EF7AF5BB0B}.Debug|Any CPU.ActiveCfg = Debug|Any CPU
		{658A2348-0E8C-4149-B924-A0EF7AF5BB0B}.Debug|Any CPU.Build.0 = Debug|Any CPU
		{658A2348-0E8C-4149-B924-A0EF7AF5BB0B}.Release|Any CPU.ActiveCfg = Release|Any CPU
		{658A2348-0E8C-4149-B924-A0EF7AF5BB0B}.Release|Any CPU.Build.0 = Release|Any CPU
	EndGlobalSection
	GlobalSection(SolutionProperties) = preSolution
		HideSolutionNode = FALSE
	EndGlobalSection
	GlobalSection(ExtensibilityGlobals) = postSolution
		SolutionGuid = {40D9CAE6-3750-4104-91CF-36B8887F436C}
	EndGlobalSection
EndGlobal
